<?xml version="1.0" encoding="utf-8"?>
<Project ToolsVersion="4.0" xmlns="http://schemas.microsoft.com/developer/msbuild/2003">
  <ItemGroup>
    <ClCompile Include="src\Helpers.cpp" />
    <ClCompile Include="src\tests\tests.cpp" />
    <ClCompile Include="src\vec2.cpp" />
    <ClCompile Include="src\vec3.cpp" />
    <ClCompile Include="src\Terrain.cpp" />
    <ClCompile Include="src\quat.cpp" />
    <ClCompile Include="src\TerrainObject.cpp" />
    <ClCompile Include="src\Renderable.cpp" />
    <ClCompile Include="src\CollisionGeometry.cpp" />
  </ItemGroup>
  <ItemGroup>
    <ClInclude Include="src\Helpers.h" />
    <ClInclude Include="src\vec2.h" />
    <ClInclude Include="src\vec3.h" />
    <ClInclude Include="src\Terrain.h" />
    <ClInclude Include="src\quat.h" />
    <ClInclude Include="src\TerrainObject.h" />
    <ClInclude Include="src\Renderable.h" />
    <ClInclude Include="src\CollisionGeometry.h" />
    <ClInclude Include="src\SemiVector.hpp" />
  </ItemGroup>
</Project>